
Microsoft Visual Studio Solution File, Format Version 12.00
# Visual Studio Version 17
VisualStudioVersion = 17.0.31903.59
MinimumVisualStudioVersion = 10.0.40219.1
Project("{FAE04EC0-301F-11D3-BF4B-00C04F79EFBC}") = "HtmlLogWriter", "HtmlLogWriter\HtmlLogWriter.csproj", "{43CFAB23-5A2C-4F94-85CE-794A7FC1C8F6}"
EndProject
Project("{FAE04EC0-301F-11D3-BF4B-00C04F79EFBC}") = "Historical.Weather.Data.Miner", "Historical.Weather.Data.Miner\Historical.Weather.Data.Miner.csproj", "{F25D03C9-D0B5-4E20-9ED4-7934C9D72278}"
EndProject
Project("{FAE04EC0-301F-11D3-BF4B-00C04F79EFBC}") = "Historical.Weather.Data.Forecaster", "Historical.Weather.Data.Forecaster\Historical.Weather.Data.Forecaster.csproj", "{E7310E5D-5B12-4AB4-B4D0-8E5D524CE8BB}"
EndProject
Project("{FAE04EC0-301F-11D3-BF4B-00C04F79EFBC}") = "Historical.Weather.Core", "Historical.Weather.Core\Historical.Weather.Core.csproj", "{5D239981-A6D6-4D69-B8FB-6ED5B285D0AE}"
EndProject
Global
	GlobalSection(SolutionConfigurationPlatforms) = preSolution
		Debug|Any CPU = Debug|Any CPU
		Release|Any CPU = Release|Any CPU
	EndGlobalSection
	GlobalSection(SolutionProperties) = preSolution
		HideSolutionNode = FALSE
	EndGlobalSection
	GlobalSection(ProjectConfigurationPlatforms) = postSolution
		{43CFAB23-5A2C-4F94-85CE-794A7FC1C8F6}.Debug|Any CPU.ActiveCfg = Debug|Any CPU
		{43CFAB23-5A2C-4F94-85CE-794A7FC1C8F6}.Debug|Any CPU.Build.0 = Debug|Any CPU
		{43CFAB23-5A2C-4F94-85CE-794A7FC1C8F6}.Release|Any CPU.ActiveCfg = Release|Any CPU
		{43CFAB23-5A2C-4F94-85CE-794A7FC1C8F6}.Release|Any CPU.Build.0 = Release|Any CPU
		{F25D03C9-D0B5-4E20-9ED4-7934C9D72278}.Debug|Any CPU.ActiveCfg = Debug|Any CPU
		{F25D03C9-D0B5-4E20-9ED4-7934C9D72278}.Debug|Any CPU.Build.0 = Debug|Any CPU
		{F25D03C9-D0B5-4E20-9ED4-7934C9D72278}.Release|Any CPU.ActiveCfg = Release|Any CPU
		{F25D03C9-D0B5-4E20-9ED4-7934C9D72278}.Release|Any CPU.Build.0 = Release|Any CPU
		{E7310E5D-5B12-4AB4-B4D0-8E5D524CE8BB}.Debug|Any CPU.ActiveCfg = Debug|Any CPU
		{E7310E5D-5B12-4AB4-B4D0-8E5D524CE8BB}.Debug|Any CPU.Build.0 = Debug|Any CPU
		{E7310E5D-5B12-4AB4-B4D0-8E5D524CE8BB}.Release|Any CPU.ActiveCfg = Release|Any CPU
		{E7310E5D-5B12-4AB4-B4D0-8E5D524CE8BB}.Release|Any CPU.Build.0 = Release|Any CPU
		{5D239981-A6D6-4D69-B8FB-6ED5B285D0AE}.Debug|Any CPU.ActiveCfg = Debug|Any CPU
		{5D239981-A6D6-4D69-B8FB-6ED5B285D0AE}.Debug|Any CPU.Build.0 = Debug|Any CPU
		{5D239981-A6D6-4D69-B8FB-6ED5B285D0AE}.Release|Any CPU.ActiveCfg = Release|Any CPU
		{5D239981-A6D6-4D69-B8FB-6ED5B285D0AE}.Release|Any CPU.Build.0 = Release|Any CPU
	EndGlobalSection
EndGlobal
